
Microsoft Visual Studio Solution File, Format Version 12.00
# Visual Studio Version 17
VisualStudioVersion = 17.10.35122.118
MinimumVisualStudioVersion = 10.0.40219.1
Project("{FAE04EC0-301F-11D3-BF4B-00C04F79EFBC}") = "QuestPDFExample", "QuestPDFExample.csproj", "{B9AF568F-9196-4E91-ACA4-1E5495A0FCEC}"
EndProject
Global
	GlobalSection(SolutionConfigurationPlatforms) = preSolution
		Debug|Any CPU = Debug|Any CPU
		Release|Any CPU = Release|Any CPU
	EndGlobalSection
	GlobalSection(ProjectConfigurationPlatforms) = postSolution
		{B9AF568F-9196-4E91-ACA4-1E5495A0FCEC}.Debug|Any CPU.ActiveCfg = Debug|Any CPU
		{B9AF568F-9196-4E91-ACA4-1E5495A0FCEC}.Debug|Any CPU.Build.0 = Debug|Any CPU
		{B9AF568F-9196-4E91-ACA4-1E5495A0FCEC}.Release|Any CPU.ActiveCfg = Release|Any CPU
		{B9AF568F-9196-4E91-ACA4-1E5495A0FCEC}.Release|Any CPU.Build.0 = Release|Any CPU
	EndGlobalSection
	GlobalSection(SolutionProperties) = preSolution
		HideSolutionNode = FALSE
	EndGlobalSection
	GlobalSection(ExtensibilityGlobals) = postSolution
		SolutionGuid = {56B19430-E8E6-4389-852B-B1D218EF712A}
	EndGlobalSection
EndGlobal
